
Microsoft Visual Studio Solution File, Format Version 12.00
# Visual Studio Version 17
VisualStudioVersion = 17.4.33205.214
MinimumVisualStudioVersion = 10.0.40219.1
Project("{2150E333-8FDC-42A3-9474-1A3956D46DE8}") = "src", "src", "{3610F765-C016-464F-91DF-0808910AB519}"
EndProject
Project("{2150E333-8FDC-42A3-9474-1A3956D46DE8}") = "1-Worker", "1-Worker", "{4E037FBD-F32E-439B-B32B-0ACAEF139162}"
EndProject
Project("{2150E333-8FDC-42A3-9474-1A3956D46DE8}") = "2-Application", "2-Application", "{C8EA71A9-8A8D-47CD-B365-974C9D975DA2}"
EndProject
Project("{9A19103F-16F7-4668-BE54-9A1E7A4F7556}") = "Edesoft.APP.Worker", "Edesoft.APP.Worker\Edesoft.APP.Worker.csproj", "{4A78F2D9-7E70-4A8B-ABBD-C5AFCD0BFCF3}"
EndProject
Project("{9A19103F-16F7-4668-BE54-9A1E7A4F7556}") = "Edesoft.APP.Application", "Edesoft.APP.Application\Edesoft.APP.Application.csproj", "{FD938419-8747-41FE-B613-8D188DB50059}"
EndProject
Project("{9A19103F-16F7-4668-BE54-9A1E7A4F7556}") = "Edesoft.APP.Abstractions", "Edesoft.APP.Abstractions\Edesoft.APP.Abstractions.csproj", "{07570142-C13C-48F2-9880-D19BC76E7766}"
EndProject
Project("{2150E333-8FDC-42A3-9474-1A3956D46DE8}") = "3-Infrastructure", "3-Infrastructure", "{F10BC298-504F-4E56-A6DB-1682AD980CBD}"
EndProject
Project("{9A19103F-16F7-4668-BE54-9A1E7A4F7556}") = "Edesoft.APP.Infrastructure", "Edesoft.APP.Infrastructure\Edesoft.APP.Infrastructure.csproj", "{04215883-6893-4BB1-A8DB-0A9E333326A3}"
EndProject
Project("{2150E333-8FDC-42A3-9474-1A3956D46DE8}") = "4-Tools", "4-Tools", "{AE6702EC-B486-4E1F-B922-966D30988D6C}"
EndProject
Project("{9A19103F-16F7-4668-BE54-9A1E7A4F7556}") = "Edesoft.APP.Tools", "Edesoft.APP.Tools\Edesoft.APP.Tools.csproj", "{913A540A-EE29-41E7-993B-42168CBF0B0E}"
EndProject
Project("{FAE04EC0-301F-11D3-BF4B-00C04F79EFBC}") = "Edesoft.APP.DTOs", "Edesoft.APP.DTOs\Edesoft.APP.DTOs.csproj", "{6FA08CA6-76BD-4563-A2C7-282196415936}"
EndProject
Global
	GlobalSection(SolutionConfigurationPlatforms) = preSolution
		Debug|Any CPU = Debug|Any CPU
		Release|Any CPU = Release|Any CPU
	EndGlobalSection
	GlobalSection(ProjectConfigurationPlatforms) = postSolution
		{4A78F2D9-7E70-4A8B-ABBD-C5AFCD0BFCF3}.Debug|Any CPU.ActiveCfg = Debug|Any CPU
		{4A78F2D9-7E70-4A8B-ABBD-C5AFCD0BFCF3}.Debug|Any CPU.Build.0 = Debug|Any CPU
		{4A78F2D9-7E70-4A8B-ABBD-C5AFCD0BFCF3}.Release|Any CPU.ActiveCfg = Release|Any CPU
		{4A78F2D9-7E70-4A8B-ABBD-C5AFCD0BFCF3}.Release|Any CPU.Build.0 = Release|Any CPU
		{FD938419-8747-41FE-B613-8D188DB50059}.Debug|Any CPU.ActiveCfg = Debug|Any CPU
		{FD938419-8747-41FE-B613-8D188DB50059}.Debug|Any CPU.Build.0 = Debug|Any CPU
		{FD938419-8747-41FE-B613-8D188DB50059}.Release|Any CPU.ActiveCfg = Release|Any CPU
		{FD938419-8747-41FE-B613-8D188DB50059}.Release|Any CPU.Build.0 = Release|Any CPU
		{07570142-C13C-48F2-9880-D19BC76E7766}.Debug|Any CPU.ActiveCfg = Debug|Any CPU
		{07570142-C13C-48F2-9880-D19BC76E7766}.Debug|Any CPU.Build.0 = Debug|Any CPU
		{07570142-C13C-48F2-9880-D19BC76E7766}.Release|Any CPU.ActiveCfg = Release|Any CPU
		{07570142-C13C-48F2-9880-D19BC76E7766}.Release|Any CPU.Build.0 = Release|Any CPU
		{04215883-6893-4BB1-A8DB-0A9E333326A3}.Debug|Any CPU.ActiveCfg = Debug|Any CPU
		{04215883-6893-4BB1-A8DB-0A9E333326A3}.Debug|Any CPU.Build.0 = Debug|Any CPU
		{04215883-6893-4BB1-A8DB-0A9E333326A3}.Release|Any CPU.ActiveCfg = Release|Any CPU
		{04215883-6893-4BB1-A8DB-0A9E333326A3}.Release|Any CPU.Build.0 = Release|Any CPU
		{913A540A-EE29-41E7-993B-42168CBF0B0E}.Debug|Any CPU.ActiveCfg = Debug|Any CPU
		{913A540A-EE29-41E7-993B-42168CBF0B0E}.Debug|Any CPU.Build.0 = Debug|Any CPU
		{913A540A-EE29-41E7-993B-42168CBF0B0E}.Release|Any CPU.ActiveCfg = Release|Any CPU
		{913A540A-EE29-41E7-993B-42168CBF0B0E}.Release|Any CPU.Build.0 = Release|Any CPU
		{6FA08CA6-76BD-4563-A2C7-282196415936}.Debug|Any CPU.ActiveCfg = Debug|Any CPU
		{6FA08CA6-76BD-4563-A2C7-282196415936}.Debug|Any CPU.Build.0 = Debug|Any CPU
		{6FA08CA6-76BD-4563-A2C7-282196415936}.Release|Any CPU.ActiveCfg = Release|Any CPU
		{6FA08CA6-76BD-4563-A2C7-282196415936}.Release|Any CPU.Build.0 = Release|Any CPU
	EndGlobalSection
	GlobalSection(SolutionProperties) = preSolution
		HideSolutionNode = FALSE
	EndGlobalSection
	GlobalSection(NestedProjects) = preSolution
		{4E037FBD-F32E-439B-B32B-0ACAEF139162} = {3610F765-C016-464F-91DF-0808910AB519}
		{C8EA71A9-8A8D-47CD-B365-974C9D975DA2} = {3610F765-C016-464F-91DF-0808910AB519}
		{4A78F2D9-7E70-4A8B-ABBD-C5AFCD0BFCF3} = {4E037FBD-F32E-439B-B32B-0ACAEF139162}
		{FD938419-8747-41FE-B613-8D188DB50059} = {C8EA71A9-8A8D-47CD-B365-974C9D975DA2}
		{07570142-C13C-48F2-9880-D19BC76E7766} = {C8EA71A9-8A8D-47CD-B365-974C9D975DA2}
		{F10BC298-504F-4E56-A6DB-1682AD980CBD} = {3610F765-C016-464F-91DF-0808910AB519}
		{04215883-6893-4BB1-A8DB-0A9E333326A3} = {F10BC298-504F-4E56-A6DB-1682AD980CBD}
		{AE6702EC-B486-4E1F-B922-966D30988D6C} = {3610F765-C016-464F-91DF-0808910AB519}
		{913A540A-EE29-41E7-993B-42168CBF0B0E} = {AE6702EC-B486-4E1F-B922-966D30988D6C}
		{6FA08CA6-76BD-4563-A2C7-282196415936} = {C8EA71A9-8A8D-47CD-B365-974C9D975DA2}
	EndGlobalSection
	GlobalSection(ExtensibilityGlobals) = postSolution
		SolutionGuid = {988B841C-8D65-40CB-A3F5-24DCB024CA26}
	EndGlobalSection
EndGlobal
